
Microsoft Visual Studio Solution File, Format Version 12.00
# Visual Studio Version 17
VisualStudioVersion = 17.9.34622.214
MinimumVisualStudioVersion = 10.0.40219.1
Project("{FAE04EC0-301F-11D3-BF4B-00C04F79EFBC}") = "WpfApp2", "WpfApp2\WpfApp2.csproj", "{4C8E7A20-D9CB-41A6-8A5D-90BB8BFE01EA}"
EndProject
Global
	GlobalSection(SolutionConfigurationPlatforms) = preSolution
		Debug|Any CPU = Debug|Any CPU
		Release|Any CPU = Release|Any CPU
	EndGlobalSection
	GlobalSection(ProjectConfigurationPlatforms) = postSolution
		{4C8E7A20-D9CB-41A6-8A5D-90BB8BFE01EA}.Debug|Any CPU.ActiveCfg = Debug|Any CPU
		{4C8E7A20-D9CB-41A6-8A5D-90BB8BFE01EA}.Debug|Any CPU.Build.0 = Debug|Any CPU
		{4C8E7A20-D9CB-41A6-8A5D-90BB8BFE01EA}.Release|Any CPU.ActiveCfg = Release|Any CPU
		{4C8E7A20-D9CB-41A6-8A5D-90BB8BFE01EA}.Release|Any CPU.Build.0 = Release|Any CPU
	EndGlobalSection
	GlobalSection(SolutionProperties) = preSolution
		HideSolutionNode = FALSE
	EndGlobalSection
	GlobalSection(ExtensibilityGlobals) = postSolution
		SolutionGuid = {04F81FE6-E5A0-41C3-BD1C-6BB7EFA80770}
	EndGlobalSection
EndGlobal
